
Microsoft Visual Studio Solution File, Format Version 12.00
# Visual Studio 15
VisualStudioVersion = 15.0.26430.14
MinimumVisualStudioVersion = 10.0.40219.1
Project("{FAE04EC0-301F-11D3-BF4B-00C04F79EFBC}") = "Ovn8.2.2SortAlphabeticaly", "Ovn8.2.2SortAlphabeticaly\Ovn8.2.2SortAlphabeticaly.csproj", "{1E1E74FE-72B3-42C7-9E06-8115CE6B8271}"
EndProject
Global
	GlobalSection(SolutionConfigurationPlatforms) = preSolution
		Debug|Any CPU = Debug|Any CPU
		Release|Any CPU = Release|Any CPU
	EndGlobalSection
	GlobalSection(ProjectConfigurationPlatforms) = postSolution
		{1E1E74FE-72B3-42C7-9E06-8115CE6B8271}.Debug|Any CPU.ActiveCfg = Debug|Any CPU
		{1E1E74FE-72B3-42C7-9E06-8115CE6B8271}.Debug|Any CPU.Build.0 = Debug|Any CPU
		{1E1E74FE-72B3-42C7-9E06-8115CE6B8271}.Release|Any CPU.ActiveCfg = Release|Any CPU
		{1E1E74FE-72B3-42C7-9E06-8115CE6B8271}.Release|Any CPU.Build.0 = Release|Any CPU
	EndGlobalSection
	GlobalSection(SolutionProperties) = preSolution
		HideSolutionNode = FALSE
	EndGlobalSection
EndGlobal
